
Microsoft Visual Studio Solution File, Format Version 12.00
# Visual Studio Version 17
VisualStudioVersion = 17.6.33815.320
MinimumVisualStudioVersion = 10.0.40219.1
Project("{FAE04EC0-301F-11D3-BF4B-00C04F79EFBC}") = "rmq2l.server", "rmq2l.server.csproj", "{9CA296EB-9A96-43B0-80F4-3F23F85E0907}"
EndProject
Global
	GlobalSection(SolutionConfigurationPlatforms) = preSolution
		Debug|Any CPU = Debug|Any CPU
		Release|Any CPU = Release|Any CPU
	EndGlobalSection
	GlobalSection(ProjectConfigurationPlatforms) = postSolution
		{9CA296EB-9A96-43B0-80F4-3F23F85E0907}.Debug|Any CPU.ActiveCfg = Debug|Any CPU
		{9CA296EB-9A96-43B0-80F4-3F23F85E0907}.Debug|Any CPU.Build.0 = Debug|Any CPU
		{9CA296EB-9A96-43B0-80F4-3F23F85E0907}.Release|Any CPU.ActiveCfg = Release|Any CPU
		{9CA296EB-9A96-43B0-80F4-3F23F85E0907}.Release|Any CPU.Build.0 = Release|Any CPU
	EndGlobalSection
	GlobalSection(SolutionProperties) = preSolution
		HideSolutionNode = FALSE
	EndGlobalSection
	GlobalSection(ExtensibilityGlobals) = postSolution
		SolutionGuid = {E54BEDAF-F2A1-4A01-B6F4-B413A14B0557}
	EndGlobalSection
EndGlobal
